
Microsoft Visual Studio Solution File, Format Version 12.00
# Visual Studio 15
VisualStudioVersion = 15.0.28010.2041
MinimumVisualStudioVersion = 10.0.40219.1
Project("{E24C65DC-7377-472B-9ABA-BC803B73C61A}") = "AzureMultiTableWCFSvc01", "AzureMultiTableWCFSvc01\", "{C6854725-6B4B-4EC2-92EE-610728F403F5}"
	ProjectSection(WebsiteProperties) = preProject
		TargetFrameworkMoniker = ".NETFramework,Version%3Dv4.6.1"
		Debug.AspNetCompiler.VirtualPath = "/localhost_57566"
		Debug.AspNetCompiler.PhysicalPath = "AzureMultiTableWCFSvc01\"
		Debug.AspNetCompiler.TargetPath = "PrecompiledWeb\localhost_57566\"
		Debug.AspNetCompiler.Updateable = "true"
		Debug.AspNetCompiler.ForceOverwrite = "true"
		Debug.AspNetCompiler.FixedNames = "false"
		Debug.AspNetCompiler.Debug = "True"
		Release.AspNetCompiler.VirtualPath = "/localhost_57566"
		Release.AspNetCompiler.PhysicalPath = "AzureMultiTableWCFSvc01\"
		Release.AspNetCompiler.TargetPath = "PrecompiledWeb\localhost_57566\"
		Release.AspNetCompiler.Updateable = "true"
		Release.AspNetCompiler.ForceOverwrite = "true"
		Release.AspNetCompiler.FixedNames = "false"
		Release.AspNetCompiler.Debug = "False"
		VWDPort = "57566"
		SlnRelativePath = "AzureMultiTableWCFSvc01\"
		DefaultWebSiteLanguage = "Visual C#"
	EndProjectSection
EndProject
Global
	GlobalSection(SolutionConfigurationPlatforms) = preSolution
		Debug|Any CPU = Debug|Any CPU
	EndGlobalSection
	GlobalSection(ProjectConfigurationPlatforms) = postSolution
		{C6854725-6B4B-4EC2-92EE-610728F403F5}.Debug|Any CPU.ActiveCfg = Debug|Any CPU
		{C6854725-6B4B-4EC2-92EE-610728F403F5}.Debug|Any CPU.Build.0 = Debug|Any CPU
	EndGlobalSection
	GlobalSection(SolutionProperties) = preSolution
		HideSolutionNode = FALSE
	EndGlobalSection
	GlobalSection(ExtensibilityGlobals) = postSolution
		SolutionGuid = {D6D67CC5-78D3-459D-9EA4-FAF80F8638E1}
	EndGlobalSection
EndGlobal
